
Microsoft Visual Studio Solution File, Format Version 12.00
# Visual Studio Version 17
VisualStudioVersion = 17.0.31903.59
MinimumVisualStudioVersion = 10.0.40219.1
Project("{2150E333-8FDC-42A3-9474-1A3956D46DE8}") = "src", "src", "{BA674B3C-2FCF-43E4-A2EE-1C70C4A62DCF}"
EndProject
Project("{F2A71F9B-5D33-465A-A702-920D77279786}") = "JsonSharp", "src\JsonSharp\JsonSharp.fsproj", "{5A97AB7E-E280-495F-B34C-AD5F9B758753}"
EndProject
Project("{2150E333-8FDC-42A3-9474-1A3956D46DE8}") = "tests", "tests", "{8645FF16-CC04-48F9-8227-91E3EA1C0EE2}"
EndProject
Project("{F2A71F9B-5D33-465A-A702-920D77279786}") = "JsonSharp.Tests", "tests\JsonSharp.Tests\JsonSharp.Tests.fsproj", "{FA61B176-1C84-4F6D-8B51-863363E6A364}"
EndProject
Global
	GlobalSection(SolutionConfigurationPlatforms) = preSolution
		Debug|Any CPU = Debug|Any CPU
		Release|Any CPU = Release|Any CPU
	EndGlobalSection
	GlobalSection(SolutionProperties) = preSolution
		HideSolutionNode = FALSE
	EndGlobalSection
	GlobalSection(ProjectConfigurationPlatforms) = postSolution
		{5A97AB7E-E280-495F-B34C-AD5F9B758753}.Debug|Any CPU.ActiveCfg = Debug|Any CPU
		{5A97AB7E-E280-495F-B34C-AD5F9B758753}.Debug|Any CPU.Build.0 = Debug|Any CPU
		{5A97AB7E-E280-495F-B34C-AD5F9B758753}.Release|Any CPU.ActiveCfg = Release|Any CPU
		{5A97AB7E-E280-495F-B34C-AD5F9B758753}.Release|Any CPU.Build.0 = Release|Any CPU
		{FA61B176-1C84-4F6D-8B51-863363E6A364}.Debug|Any CPU.ActiveCfg = Debug|Any CPU
		{FA61B176-1C84-4F6D-8B51-863363E6A364}.Debug|Any CPU.Build.0 = Debug|Any CPU
		{FA61B176-1C84-4F6D-8B51-863363E6A364}.Release|Any CPU.ActiveCfg = Release|Any CPU
		{FA61B176-1C84-4F6D-8B51-863363E6A364}.Release|Any CPU.Build.0 = Release|Any CPU
	EndGlobalSection
	GlobalSection(NestedProjects) = preSolution
		{5A97AB7E-E280-495F-B34C-AD5F9B758753} = {BA674B3C-2FCF-43E4-A2EE-1C70C4A62DCF}
		{FA61B176-1C84-4F6D-8B51-863363E6A364} = {8645FF16-CC04-48F9-8227-91E3EA1C0EE2}
	EndGlobalSection
EndGlobal
